// !$*UTF8*$!
{
	archiveVersion = 1;
	classes = {
	};
	objectVersion = 56;
	objects = {

/* Begin PBXBuildFile section */
		63133E062C51EFA80011006A /* ObjectListView.swift in Sources */ = {isa = PBXBuildFile; fileRef = 63133E052C51EFA80011006A /* ObjectListView.swift */; };
		63133E082C51F0E80011006A /* EditObjectView.swift in Sources */ = {isa = PBXBuildFile; fileRef = 63133E072C51F0E80011006A /* EditObjectView.swift */; };
		631D5CCE2C4175F700D793E2 /* ContentView.swift in Sources */ = {isa = PBXBuildFile; fileRef = 631D5CCD2C4175F700D793E2 /* ContentView.swift */; };
		631D5CD02C41762600D793E2 /* AddObjectView.swift in Sources */ = {isa = PBXBuildFile; fileRef = 631D5CCF2C41762600D793E2 /* AddObjectView.swift */; };
		632756442C4822EE00B92DBC /* cat.jpg in Resources */ = {isa = PBXBuildFile; fileRef = 632756382C4822EE00B92DBC /* cat.jpg */; };
		632756452C4822EE00B92DBC /* cow.jpg in Resources */ = {isa = PBXBuildFile; fileRef = 632756392C4822EE00B92DBC /* cow.jpg */; };
		632756462C4822EE00B92DBC /* deer.jpg in Resources */ = {isa = PBXBuildFile; fileRef = 6327563A2C4822EE00B92DBC /* deer.jpg */; };
		632756472C4822EE00B92DBC /* goat.jpg in Resources */ = {isa = PBXBuildFile; fileRef = 6327563B2C4822EE00B92DBC /* goat.jpg */; };
		632756482C4822EE00B92DBC /* rhinoceros.jpg in Resources */ = {isa = PBXBuildFile; fileRef = 6327563C2C4822EE00B92DBC /* rhinoceros.jpg */; };
		632756492C4822EE00B92DBC /* sheep.jpg in Resources */ = {isa = PBXBuildFile; fileRef = 6327563D2C4822EE00B92DBC /* sheep.jpg */; };
		6327564A2C4822EE00B92DBC /* tiger.jpg in Resources */ = {isa = PBXBuildFile; fileRef = 6327563E2C4822EE00B92DBC /* tiger.jpg */; };
		6327564B2C4822EE00B92DBC /* dog.jpg in Resources */ = {isa = PBXBuildFile; fileRef = 6327563F2C4822EE00B92DBC /* dog.jpg */; };
		6327564C2C4822EE00B92DBC /* pig.jpg in Resources */ = {isa = PBXBuildFile; fileRef = 632756402C4822EE00B92DBC /* pig.jpg */; };
		6327564D2C4822EE00B92DBC /* buffalo.jpg in Resources */ = {isa = PBXBuildFile; fileRef = 632756412C4822EE00B92DBC /* buffalo.jpg */; };
		6327564E2C4822EE00B92DBC /* horse.jpg in Resources */ = {isa = PBXBuildFile; fileRef = 632756422C4822EE00B92DBC /* horse.jpg */; };
		6327564F2C4822EE00B92DBC /* alligator.jpg in Resources */ = {isa = PBXBuildFile; fileRef = 632756432C4822EE00B92DBC /* alligator.jpg */; };
		632756512C482D3300B92DBC /* GenericAudioFileModel.swift in Sources */ = {isa = PBXBuildFile; fileRef = 632756502C482D3300B92DBC /* GenericAudioFileModel.swift */; };
		634A8DF42C54E622008D6F85 /* LearningViewModel.swift in Sources */ = {isa = PBXBuildFile; fileRef = 634A8DF32C54E622008D6F85 /* LearningViewModel.swift */; };
		637238002C26DE350004C0C1 /* ho.m4a in Resources */ = {isa = PBXBuildFile; fileRef = 637237FF2C26DE350004C0C1 /* ho.m4a */; };
		637238022C26DE480004C0C1 /* kaha_cha.m4a in Resources */ = {isa = PBXBuildFile; fileRef = 637238012C26DE480004C0C1 /* kaha_cha.m4a */; };
		637238042C26DE590004C0C1 /* yo.m4a in Resources */ = {isa = PBXBuildFile; fileRef = 637238032C26DE590004C0C1 /* yo.m4a */; };
		637238102C26F8FB0004C0C1 /* sha_bas.m4a in Resources */ = {isa = PBXBuildFile; fileRef = 6372380F2C26F8FB0004C0C1 /* sha_bas.m4a */; };
		637238122C26FA5E0004C0C1 /* negative.m4a in Resources */ = {isa = PBXBuildFile; fileRef = 637238112C26FA5E0004C0C1 /* negative.m4a */; };
		637238142C26FA700004C0C1 /* is_here.m4a in Resources */ = {isa = PBXBuildFile; fileRef = 637238132C26FA700004C0C1 /* is_here.m4a */; };
		637238182C270D140004C0C1 /* cow.m4a in Resources */ = {isa = PBXBuildFile; fileRef = 637238172C270D140004C0C1 /* cow.m4a */; };
		6372381A2C270D3F0004C0C1 /* sheep.m4a in Resources */ = {isa = PBXBuildFile; fileRef = 637238192C270D3F0004C0C1 /* sheep.m4a */; };
		6372381C2C270D4F0004C0C1 /* goat.m4a in Resources */ = {isa = PBXBuildFile; fileRef = 6372381B2C270D4F0004C0C1 /* goat.m4a */; };
		6372381E2C270D5D0004C0C1 /* dog.m4a in Resources */ = {isa = PBXBuildFile; fileRef = 6372381D2C270D5D0004C0C1 /* dog.m4a */; };
		637238202C270D680004C0C1 /* cat.m4a in Resources */ = {isa = PBXBuildFile; fileRef = 6372381F2C270D680004C0C1 /* cat.m4a */; };
		637238222C270D720004C0C1 /* tiger.m4a in Resources */ = {isa = PBXBuildFile; fileRef = 637238212C270D720004C0C1 /* tiger.m4a */; };
		637238242C270D7E0004C0C1 /* rhinoceros.m4a in Resources */ = {isa = PBXBuildFile; fileRef = 637238232C270D7E0004C0C1 /* rhinoceros.m4a */; };
		637238262C270D8A0004C0C1 /* buffalo.m4a in Resources */ = {isa = PBXBuildFile; fileRef = 637238252C270D8A0004C0C1 /* buffalo.m4a */; };
		637238282C270D960004C0C1 /* pig.m4a in Resources */ = {isa = PBXBuildFile; fileRef = 637238272C270D960004C0C1 /* pig.m4a */; };
		6372382A2C270DA10004C0C1 /* deer.m4a in Resources */ = {isa = PBXBuildFile; fileRef = 637238292C270DA10004C0C1 /* deer.m4a */; };
		6372382C2C270DAC0004C0C1 /* alligator.m4a in Resources */ = {isa = PBXBuildFile; fileRef = 6372382B2C270DAC0004C0C1 /* alligator.m4a */; };
		6372382E2C2728E10004C0C1 /* horse.mp4 in Resources */ = {isa = PBXBuildFile; fileRef = 6372382D2C2728E10004C0C1 /* horse.mp4 */; };
		637238302C272C190004C0C1 /* goat.mp4 in Resources */ = {isa = PBXBuildFile; fileRef = 6372382F2C272C190004C0C1 /* goat.mp4 */; };
		637238322C272CD70004C0C1 /* cat.mp4 in Resources */ = {isa = PBXBuildFile; fileRef = 637238312C272CD70004C0C1 /* cat.mp4 */; };
		637238342C29D0A80004C0C1 /* horse.m4a in Resources */ = {isa = PBXBuildFile; fileRef = 637238332C29D0A80004C0C1 /* horse.m4a */; };
		637238362C2A6F150004C0C1 /* LearningObject.swift in Sources */ = {isa = PBXBuildFile; fileRef = 637238352C2A6F150004C0C1 /* LearningObject.swift */; };
		6372385B2C2C349F0004C0C1 /* negative_response_horse.m4a in Resources */ = {isa = PBXBuildFile; fileRef = 637238372C2C349D0004C0C1 /* negative_response_horse.m4a */; };
		6372385C2C2C349F0004C0C1 /* negative_response_goat.m4a in Resources */ = {isa = PBXBuildFile; fileRef = 637238382C2C349D0004C0C1 /* negative_response_goat.m4a */; };
		6372385D2C2C349F0004C0C1 /* where_is_goat.m4a in Resources */ = {isa = PBXBuildFile; fileRef = 637238392C2C349D0004C0C1 /* where_is_goat.m4a */; };
		6372385E2C2C349F0004C0C1 /* where_is_rhinoceros.m4a in Resources */ = {isa = PBXBuildFile; fileRef = 6372383A2C2C349D0004C0C1 /* where_is_rhinoceros.m4a */; };
		6372385F2C2C349F0004C0C1 /* where_is_cat.m4a in Resources */ = {isa = PBXBuildFile; fileRef = 6372383B2C2C349D0004C0C1 /* where_is_cat.m4a */; };
		637238602C2C349F0004C0C1 /* this_is_a-alligator.m4a in Resources */ = {isa = PBXBuildFile; fileRef = 6372383C2C2C349D0004C0C1 /* this_is_a-alligator.m4a */; };
		637238612C2C349F0004C0C1 /* where_is_tiger.m4a in Resources */ = {isa = PBXBuildFile; fileRef = 6372383D2C2C349D0004C0C1 /* where_is_tiger.m4a */; };
		637238622C2C349F0004C0C1 /* where_is_horse.m4a in Resources */ = {isa = PBXBuildFile; fileRef = 6372383E2C2C349D0004C0C1 /* where_is_horse.m4a */; };
		637238632C2C349F0004C0C1 /* where_is_alligator.m4a in Resources */ = {isa = PBXBuildFile; fileRef = 6372383F2C2C349D0004C0C1 /* where_is_alligator.m4a */; };
		637238642C2C349F0004C0C1 /* this_is_a-buffalo.m4a in Resources */ = {isa = PBXBuildFile; fileRef = 637238402C2C349D0004C0C1 /* this_is_a-buffalo.m4a */; };
		637238652C2C349F0004C0C1 /* where_is_deer.m4a in Resources */ = {isa = PBXBuildFile; fileRef = 637238412C2C349E0004C0C1 /* where_is_deer.m4a */; };
		637238662C2C349F0004C0C1 /* this_is_a-dog.m4a in Resources */ = {isa = PBXBuildFile; fileRef = 637238422C2C349E0004C0C1 /* this_is_a-dog.m4a */; };
		637238672C2C349F0004C0C1 /* negative_response_tiger.m4a in Resources */ = {isa = PBXBuildFile; fileRef = 637238432C2C349E0004C0C1 /* negative_response_tiger.m4a */; };
		637238682C2C349F0004C0C1 /* this_is_a-horse.m4a in Resources */ = {isa = PBXBuildFile; fileRef = 637238442C2C349E0004C0C1 /* this_is_a-horse.m4a */; };
		637238692C2C349F0004C0C1 /* negative_response_cow.m4a in Resources */ = {isa = PBXBuildFile; fileRef = 637238452C2C349E0004C0C1 /* negative_response_cow.m4a */; };
		6372386A2C2C349F0004C0C1 /* negative_response_pig.m4a in Resources */ = {isa = PBXBuildFile; fileRef = 637238462C2C349E0004C0C1 /* negative_response_pig.m4a */; };
		6372386B2C2C349F0004C0C1 /* where_is_sheep.m4a in Resources */ = {isa = PBXBuildFile; fileRef = 637238472C2C349E0004C0C1 /* where_is_sheep.m4a */; };
		6372386C2C2C349F0004C0C1 /* where_is_cow.m4a in Resources */ = {isa = PBXBuildFile; fileRef = 637238482C2C349E0004C0C1 /* where_is_cow.m4a */; };
		6372386D2C2C349F0004C0C1 /* this_is_a-tiger.m4a in Resources */ = {isa = PBXBuildFile; fileRef = 637238492C2C349E0004C0C1 /* this_is_a-tiger.m4a */; };
		6372386E2C2C349F0004C0C1 /* this_is_a-deer.m4a in Resources */ = {isa = PBXBuildFile; fileRef = 6372384A2C2C349E0004C0C1 /* this_is_a-deer.m4a */; };
		6372386F2C2C349F0004C0C1 /* where_is_pig.m4a in Resources */ = {isa = PBXBuildFile; fileRef = 6372384B2C2C349E0004C0C1 /* where_is_pig.m4a */; };
		637238702C2C349F0004C0C1 /* this_is_a-cat.m4a in Resources */ = {isa = PBXBuildFile; fileRef = 6372384C2C2C349E0004C0C1 /* this_is_a-cat.m4a */; };
		637238712C2C349F0004C0C1 /* negative_response_deer.m4a in Resources */ = {isa = PBXBuildFile; fileRef = 6372384D2C2C349E0004C0C1 /* negative_response_deer.m4a */; };
		637238722C2C349F0004C0C1 /* negative_response_rhinoceros.m4a in Resources */ = {isa = PBXBuildFile; fileRef = 6372384E2C2C349E0004C0C1 /* negative_response_rhinoceros.m4a */; };
		637238732C2C349F0004C0C1 /* negative_response_cat.m4a in Resources */ = {isa = PBXBuildFile; fileRef = 6372384F2C2C349E0004C0C1 /* negative_response_cat.m4a */; };
		637238742C2C349F0004C0C1 /* negative_response_alligator.m4a in Resources */ = {isa = PBXBuildFile; fileRef = 637238502C2C349E0004C0C1 /* negative_response_alligator.m4a */; };
		637238752C2C349F0004C0C1 /* where_is_buffalo.m4a in Resources */ = {isa = PBXBuildFile; fileRef = 637238512C2C349E0004C0C1 /* where_is_buffalo.m4a */; };
		637238762C2C349F0004C0C1 /* negative_response_buffalo.m4a in Resources */ = {isa = PBXBuildFile; fileRef = 637238522C2C349E0004C0C1 /* negative_response_buffalo.m4a */; };
		637238772C2C349F0004C0C1 /* this_is_a-pig.m4a in Resources */ = {isa = PBXBuildFile; fileRef = 637238532C2C349E0004C0C1 /* this_is_a-pig.m4a */; };
		637238782C2C349F0004C0C1 /* this_is_a-cow.m4a in Resources */ = {isa = PBXBuildFile; fileRef = 637238542C2C349E0004C0C1 /* this_is_a-cow.m4a */; };
		637238792C2C349F0004C0C1 /* where_is_dog.m4a in Resources */ = {isa = PBXBuildFile; fileRef = 637238552C2C349F0004C0C1 /* where_is_dog.m4a */; };
		6372387A2C2C349F0004C0C1 /* this_is_a-sheep.m4a in Resources */ = {isa = PBXBuildFile; fileRef = 637238562C2C349F0004C0C1 /* this_is_a-sheep.m4a */; };
		6372387B2C2C349F0004C0C1 /* this_is_a-rhinoceros.m4a in Resources */ = {isa = PBXBuildFile; fileRef = 637238572C2C349F0004C0C1 /* this_is_a-rhinoceros.m4a */; };
		6372387C2C2C349F0004C0C1 /* negative_response_dog.m4a in Resources */ = {isa = PBXBuildFile; fileRef = 637238582C2C349F0004C0C1 /* negative_response_dog.m4a */; };
		6372387D2C2C349F0004C0C1 /* this_is_a-goat.m4a in Resources */ = {isa = PBXBuildFile; fileRef = 637238592C2C349F0004C0C1 /* this_is_a-goat.m4a */; };
		6372387E2C2C349F0004C0C1 /* negative_response_sheep.m4a in Resources */ = {isa = PBXBuildFile; fileRef = 6372385A2C2C349F0004C0C1 /* negative_response_sheep.m4a */; };
		6398ACAE2C54E0080070898A /* LearnOptionsView.swift in Sources */ = {isa = PBXBuildFile; fileRef = 6398ACAD2C54E0080070898A /* LearnOptionsView.swift */; };
		639C3D402C4AA17400049469 /* TagListView.swift in Sources */ = {isa = PBXBuildFile; fileRef = 639C3D3F2C4AA17400049469 /* TagListView.swift */; };
		639ED9682C25E3E300FA666C /* Nepali_GPAApp.swift in Sources */ = {isa = PBXBuildFile; fileRef = 639ED9672C25E3E300FA666C /* Nepali_GPAApp.swift */; };
		639ED96A2C25E3E300FA666C /* LearnSetView.swift in Sources */ = {isa = PBXBuildFile; fileRef = 639ED9692C25E3E300FA666C /* LearnSetView.swift */; };
		639ED96C2C25E3E500FA666C /* Assets.xcassets in Resources */ = {isa = PBXBuildFile; fileRef = 639ED96B2C25E3E500FA666C /* Assets.xcassets */; };
		639ED96F2C25E3E500FA666C /* Preview Assets.xcassets in Resources */ = {isa = PBXBuildFile; fileRef = 639ED96E2C25E3E500FA666C /* Preview Assets.xcassets */; };
		639ED97A2C26CE4D00FA666C /* VideoPlayerView.swift in Sources */ = {isa = PBXBuildFile; fileRef = 639ED9792C26CE4D00FA666C /* VideoPlayerView.swift */; };
/* End PBXBuildFile section */

/* Begin PBXFileReference section */
		63133E052C51EFA80011006A /* ObjectListView.swift */ = {isa = PBXFileReference; lastKnownFileType = sourcecode.swift; path = ObjectListView.swift; sourceTree = "<group>"; };
		63133E072C51F0E80011006A /* EditObjectView.swift */ = {isa = PBXFileReference; lastKnownFileType = sourcecode.swift; path = EditObjectView.swift; sourceTree = "<group>"; };
		631D5CCD2C4175F700D793E2 /* ContentView.swift */ = {isa = PBXFileReference; lastKnownFileType = sourcecode.swift; path = ContentView.swift; sourceTree = "<group>"; };
		631D5CCF2C41762600D793E2 /* AddObjectView.swift */ = {isa = PBXFileReference; lastKnownFileType = sourcecode.swift; path = AddObjectView.swift; sourceTree = "<group>"; };
		632756382C4822EE00B92DBC /* cat.jpg */ = {isa = PBXFileReference; lastKnownFileType = image.jpeg; name = cat.jpg; path = "Nepali GPA/Assets.xcassets/cat.imageset/cat.jpg"; sourceTree = SOURCE_ROOT; };
		632756392C4822EE00B92DBC /* cow.jpg */ = {isa = PBXFileReference; lastKnownFileType = image.jpeg; name = cow.jpg; path = "Nepali GPA/Assets.xcassets/cow.imageset/cow.jpg"; sourceTree = SOURCE_ROOT; };
		6327563A2C4822EE00B92DBC /* deer.jpg */ = {isa = PBXFileReference; lastKnownFileType = image.jpeg; name = deer.jpg; path = "Nepali GPA/Assets.xcassets/deer.imageset/deer.jpg"; sourceTree = SOURCE_ROOT; };
		6327563B2C4822EE00B92DBC /* goat.jpg */ = {isa = PBXFileReference; lastKnownFileType = image.jpeg; name = goat.jpg; path = "Nepali GPA/Assets.xcassets/goat.imageset/goat.jpg"; sourceTree = SOURCE_ROOT; };
		6327563C2C4822EE00B92DBC /* rhinoceros.jpg */ = {isa = PBXFileReference; lastKnownFileType = image.jpeg; name = rhinoceros.jpg; path = "Nepali GPA/Assets.xcassets/rhinoceros.imageset/rhinoceros.jpg"; sourceTree = SOURCE_ROOT; };
		6327563D2C4822EE00B92DBC /* sheep.jpg */ = {isa = PBXFileReference; lastKnownFileType = image.jpeg; name = sheep.jpg; path = "Nepali GPA/Assets.xcassets/sheep.imageset/sheep.jpg"; sourceTree = SOURCE_ROOT; };
		6327563E2C4822EE00B92DBC /* tiger.jpg */ = {isa = PBXFileReference; lastKnownFileType = image.jpeg; name = tiger.jpg; path = "Nepali GPA/Assets.xcassets/tiger.imageset/tiger.jpg"; sourceTree = SOURCE_ROOT; };
		6327563F2C4822EE00B92DBC /* dog.jpg */ = {isa = PBXFileReference; lastKnownFileType = image.jpeg; name = dog.jpg; path = "Nepali GPA/Assets.xcassets/dog.imageset/dog.jpg"; sourceTree = SOURCE_ROOT; };
		632756402C4822EE00B92DBC /* pig.jpg */ = {isa = PBXFileReference; lastKnownFileType = image.jpeg; name = pig.jpg; path = "Nepali GPA/Assets.xcassets/pig.imageset/pig.jpg"; sourceTree = SOURCE_ROOT; };
		632756412C4822EE00B92DBC /* buffalo.jpg */ = {isa = PBXFileReference; lastKnownFileType = image.jpeg; name = buffalo.jpg; path = "Nepali GPA/Assets.xcassets/buffalo.imageset/buffalo.jpg"; sourceTree = SOURCE_ROOT; };
		632756422C4822EE00B92DBC /* horse.jpg */ = {isa = PBXFileReference; lastKnownFileType = image.jpeg; name = horse.jpg; path = "Nepali GPA/Assets.xcassets/horse.imageset/horse.jpg"; sourceTree = SOURCE_ROOT; };
		632756432C4822EE00B92DBC /* alligator.jpg */ = {isa = PBXFileReference; lastKnownFileType = image.jpeg; name = alligator.jpg; path = "Nepali GPA/Assets.xcassets/alligator.imageset/alligator.jpg"; sourceTree = SOURCE_ROOT; };
		632756502C482D3300B92DBC /* GenericAudioFileModel.swift */ = {isa = PBXFileReference; lastKnownFileType = sourcecode.swift; path = GenericAudioFileModel.swift; sourceTree = "<group>"; };
		634A8DF32C54E622008D6F85 /* LearningViewModel.swift */ = {isa = PBXFileReference; lastKnownFileType = sourcecode.swift; path = LearningViewModel.swift; sourceTree = "<group>"; };
		637237FF2C26DE350004C0C1 /* ho.m4a */ = {isa = PBXFileReference; lastKnownFileType = file; path = ho.m4a; sourceTree = "<group>"; };
		637238012C26DE480004C0C1 /* kaha_cha.m4a */ = {isa = PBXFileReference; lastKnownFileType = file; path = kaha_cha.m4a; sourceTree = "<group>"; };
		637238032C26DE590004C0C1 /* yo.m4a */ = {isa = PBXFileReference; lastKnownFileType = file; path = yo.m4a; sourceTree = "<group>"; };
		6372380F2C26F8FB0004C0C1 /* sha_bas.m4a */ = {isa = PBXFileReference; lastKnownFileType = file; path = sha_bas.m4a; sourceTree = "<group>"; };
		637238112C26FA5E0004C0C1 /* negative.m4a */ = {isa = PBXFileReference; lastKnownFileType = file; path = negative.m4a; sourceTree = "<group>"; };
		637238132C26FA700004C0C1 /* is_here.m4a */ = {isa = PBXFileReference; lastKnownFileType = file; path = is_here.m4a; sourceTree = "<group>"; };
		637238172C270D140004C0C1 /* cow.m4a */ = {isa = PBXFileReference; lastKnownFileType = file; path = cow.m4a; sourceTree = "<group>"; };
		637238192C270D3F0004C0C1 /* sheep.m4a */ = {isa = PBXFileReference; lastKnownFileType = file; path = sheep.m4a; sourceTree = "<group>"; };
		6372381B2C270D4F0004C0C1 /* goat.m4a */ = {isa = PBXFileReference; lastKnownFileType = file; path = goat.m4a; sourceTree = "<group>"; };
		6372381D2C270D5D0004C0C1 /* dog.m4a */ = {isa = PBXFileReference; lastKnownFileType = file; path = dog.m4a; sourceTree = "<group>"; };
		6372381F2C270D680004C0C1 /* cat.m4a */ = {isa = PBXFileReference; lastKnownFileType = file; path = cat.m4a; sourceTree = "<group>"; };
		637238212C270D720004C0C1 /* tiger.m4a */ = {isa = PBXFileReference; lastKnownFileType = file; path = tiger.m4a; sourceTree = "<group>"; };
		637238232C270D7E0004C0C1 /* rhinoceros.m4a */ = {isa = PBXFileReference; lastKnownFileType = file; path = rhinoceros.m4a; sourceTree = "<group>"; };
		637238252C270D8A0004C0C1 /* buffalo.m4a */ = {isa = PBXFileReference; lastKnownFileType = file; path = buffalo.m4a; sourceTree = "<group>"; };
		637238272C270D960004C0C1 /* pig.m4a */ = {isa = PBXFileReference; lastKnownFileType = file; path = pig.m4a; sourceTree = "<group>"; };
		637238292C270DA10004C0C1 /* deer.m4a */ = {isa = PBXFileReference; lastKnownFileType = file; path = deer.m4a; sourceTree = "<group>"; };
		6372382B2C270DAC0004C0C1 /* alligator.m4a */ = {isa = PBXFileReference; lastKnownFileType = file; path = alligator.m4a; sourceTree = "<group>"; };
		6372382D2C2728E10004C0C1 /* horse.mp4 */ = {isa = PBXFileReference; lastKnownFileType = file; path = horse.mp4; sourceTree = "<group>"; };
		6372382F2C272C190004C0C1 /* goat.mp4 */ = {isa = PBXFileReference; lastKnownFileType = file; path = goat.mp4; sourceTree = "<group>"; };
		637238312C272CD70004C0C1 /* cat.mp4 */ = {isa = PBXFileReference; lastKnownFileType = file; path = cat.mp4; sourceTree = "<group>"; };
		637238332C29D0A80004C0C1 /* horse.m4a */ = {isa = PBXFileReference; lastKnownFileType = file; path = horse.m4a; sourceTree = "<group>"; };
		637238352C2A6F150004C0C1 /* LearningObject.swift */ = {isa = PBXFileReference; lastKnownFileType = sourcecode.swift; path = LearningObject.swift; sourceTree = "<group>"; };
		637238372C2C349D0004C0C1 /* negative_response_horse.m4a */ = {isa = PBXFileReference; lastKnownFileType = file; path = negative_response_horse.m4a; sourceTree = "<group>"; };
		637238382C2C349D0004C0C1 /* negative_response_goat.m4a */ = {isa = PBXFileReference; lastKnownFileType = file; path = negative_response_goat.m4a; sourceTree = "<group>"; };
		637238392C2C349D0004C0C1 /* where_is_goat.m4a */ = {isa = PBXFileReference; lastKnownFileType = file; path = where_is_goat.m4a; sourceTree = "<group>"; };
		6372383A2C2C349D0004C0C1 /* where_is_rhinoceros.m4a */ = {isa = PBXFileReference; lastKnownFileType = file; path = where_is_rhinoceros.m4a; sourceTree = "<group>"; };
		6372383B2C2C349D0004C0C1 /* where_is_cat.m4a */ = {isa = PBXFileReference; lastKnownFileType = file; path = where_is_cat.m4a; sourceTree = "<group>"; };
		6372383C2C2C349D0004C0C1 /* this_is_a-alligator.m4a */ = {isa = PBXFileReference; lastKnownFileType = file; path = "this_is_a-alligator.m4a"; sourceTree = "<group>"; };
		6372383D2C2C349D0004C0C1 /* where_is_tiger.m4a */ = {isa = PBXFileReference; lastKnownFileType = file; path = where_is_tiger.m4a; sourceTree = "<group>"; };
		6372383E2C2C349D0004C0C1 /* where_is_horse.m4a */ = {isa = PBXFileReference; lastKnownFileType = file; path = where_is_horse.m4a; sourceTree = "<group>"; };
		6372383F2C2C349D0004C0C1 /* where_is_alligator.m4a */ = {isa = PBXFileReference; lastKnownFileType = file; path = where_is_alligator.m4a; sourceTree = "<group>"; };
		637238402C2C349D0004C0C1 /* this_is_a-buffalo.m4a */ = {isa = PBXFileReference; lastKnownFileType = file; path = "this_is_a-buffalo.m4a"; sourceTree = "<group>"; };
		637238412C2C349E0004C0C1 /* where_is_deer.m4a */ = {isa = PBXFileReference; lastKnownFileType = file; path = where_is_deer.m4a; sourceTree = "<group>"; };
		637238422C2C349E0004C0C1 /* this_is_a-dog.m4a */ = {isa = PBXFileReference; lastKnownFileType = file; path = "this_is_a-dog.m4a"; sourceTree = "<group>"; };
		637238432C2C349E0004C0C1 /* negative_response_tiger.m4a */ = {isa = PBXFileReference; lastKnownFileType = file; path = negative_response_tiger.m4a; sourceTree = "<group>"; };
		637238442C2C349E0004C0C1 /* this_is_a-horse.m4a */ = {isa = PBXFileReference; lastKnownFileType = file; path = "this_is_a-horse.m4a"; sourceTree = "<group>"; };
		637238452C2C349E0004C0C1 /* negative_response_cow.m4a */ = {isa = PBXFileReference; lastKnownFileType = file; path = negative_response_cow.m4a; sourceTree = "<group>"; };
		637238462C2C349E0004C0C1 /* negative_response_pig.m4a */ = {isa = PBXFileReference; lastKnownFileType = file; path = negative_response_pig.m4a; sourceTree = "<group>"; };
		637238472C2C349E0004C0C1 /* where_is_sheep.m4a */ = {isa = PBXFileReference; lastKnownFileType = file; path = where_is_sheep.m4a; sourceTree = "<group>"; };
		637238482C2C349E0004C0C1 /* where_is_cow.m4a */ = {isa = PBXFileReference; lastKnownFileType = file; path = where_is_cow.m4a; sourceTree = "<group>"; };
		637238492C2C349E0004C0C1 /* this_is_a-tiger.m4a */ = {isa = PBXFileReference; lastKnownFileType = file; path = "this_is_a-tiger.m4a"; sourceTree = "<group>"; };
		6372384A2C2C349E0004C0C1 /* this_is_a-deer.m4a */ = {isa = PBXFileReference; lastKnownFileType = file; path = "this_is_a-deer.m4a"; sourceTree = "<group>"; };
		6372384B2C2C349E0004C0C1 /* where_is_pig.m4a */ = {isa = PBXFileReference; lastKnownFileType = file; path = where_is_pig.m4a; sourceTree = "<group>"; };
		6372384C2C2C349E0004C0C1 /* this_is_a-cat.m4a */ = {isa = PBXFileReference; lastKnownFileType = file; path = "this_is_a-cat.m4a"; sourceTree = "<group>"; };
		6372384D2C2C349E0004C0C1 /* negative_response_deer.m4a */ = {isa = PBXFileReference; lastKnownFileType = file; path = negative_response_deer.m4a; sourceTree = "<group>"; };
		6372384E2C2C349E0004C0C1 /* negative_response_rhinoceros.m4a */ = {isa = PBXFileReference; lastKnownFileType = file; path = negative_response_rhinoceros.m4a; sourceTree = "<group>"; };
		6372384F2C2C349E0004C0C1 /* negative_response_cat.m4a */ = {isa = PBXFileReference; lastKnownFileType = file; path = negative_response_cat.m4a; sourceTree = "<group>"; };
		637238502C2C349E0004C0C1 /* negative_response_alligator.m4a */ = {isa = PBXFileReference; lastKnownFileType = file; path = negative_response_alligator.m4a; sourceTree = "<group>"; };
		637238512C2C349E0004C0C1 /* where_is_buffalo.m4a */ = {isa = PBXFileReference; lastKnownFileType = file; path = where_is_buffalo.m4a; sourceTree = "<group>"; };
		637238522C2C349E0004C0C1 /* negative_response_buffalo.m4a */ = {isa = PBXFileReference; lastKnownFileType = file; path = negative_response_buffalo.m4a; sourceTree = "<group>"; };
		637238532C2C349E0004C0C1 /* this_is_a-pig.m4a */ = {isa = PBXFileReference; lastKnownFileType = file; path = "this_is_a-pig.m4a"; sourceTree = "<group>"; };
		637238542C2C349E0004C0C1 /* this_is_a-cow.m4a */ = {isa = PBXFileReference; lastKnownFileType = file; path = "this_is_a-cow.m4a"; sourceTree = "<group>"; };
		637238552C2C349F0004C0C1 /* where_is_dog.m4a */ = {isa = PBXFileReference; lastKnownFileType = file; path = where_is_dog.m4a; sourceTree = "<group>"; };
		637238562C2C349F0004C0C1 /* this_is_a-sheep.m4a */ = {isa = PBXFileReference; lastKnownFileType = file; path = "this_is_a-sheep.m4a"; sourceTree = "<group>"; };
		637238572C2C349F0004C0C1 /* this_is_a-rhinoceros.m4a */ = {isa = PBXFileReference; lastKnownFileType = file; path = "this_is_a-rhinoceros.m4a"; sourceTree = "<group>"; };
		637238582C2C349F0004C0C1 /* negative_response_dog.m4a */ = {isa = PBXFileReference; lastKnownFileType = file; path = negative_response_dog.m4a; sourceTree = "<group>"; };
		637238592C2C349F0004C0C1 /* this_is_a-goat.m4a */ = {isa = PBXFileReference; lastKnownFileType = file; path = "this_is_a-goat.m4a"; sourceTree = "<group>"; };
		6372385A2C2C349F0004C0C1 /* negative_response_sheep.m4a */ = {isa = PBXFileReference; lastKnownFileType = file; path = negative_response_sheep.m4a; sourceTree = "<group>"; };
		6398ACAD2C54E0080070898A /* LearnOptionsView.swift */ = {isa = PBXFileReference; lastKnownFileType = sourcecode.swift; path = LearnOptionsView.swift; sourceTree = "<group>"; };
		639C3D3F2C4AA17400049469 /* TagListView.swift */ = {isa = PBXFileReference; lastKnownFileType = sourcecode.swift; path = TagListView.swift; sourceTree = "<group>"; };
		639ED9642C25E3E300FA666C /* Nepali GPA.app */ = {isa = PBXFileReference; explicitFileType = wrapper.application; includeInIndex = 0; path = "Nepali GPA.app"; sourceTree = BUILT_PRODUCTS_DIR; };
		639ED9672C25E3E300FA666C /* Nepali_GPAApp.swift */ = {isa = PBXFileReference; lastKnownFileType = sourcecode.swift; path = Nepali_GPAApp.swift; sourceTree = "<group>"; };
		639ED9692C25E3E300FA666C /* LearnSetView.swift */ = {isa = PBXFileReference; lastKnownFileType = sourcecode.swift; path = LearnSetView.swift; sourceTree = "<group>"; };
		639ED96B2C25E3E500FA666C /* Assets.xcassets */ = {isa = PBXFileReference; lastKnownFileType = folder.assetcatalog; path = Assets.xcassets; sourceTree = "<group>"; };
		639ED96E2C25E3E500FA666C /* Preview Assets.xcassets */ = {isa = PBXFileReference; lastKnownFileType = folder.assetcatalog; path = "Preview Assets.xcassets"; sourceTree = "<group>"; };
		639ED9792C26CE4D00FA666C /* VideoPlayerView.swift */ = {isa = PBXFileReference; lastKnownFileType = sourcecode.swift; path = VideoPlayerView.swift; sourceTree = "<group>"; };
/* End PBXFileReference section */

/* Begin PBXFrameworksBuildPhase section */
		639ED9612C25E3E300FA666C /* Frameworks */ = {
			isa = PBXFrameworksBuildPhase;
			buildActionMask = 2147483647;
			files = (
			);
			runOnlyForDeploymentPostprocessing = 0;
		};
/* End PBXFrameworksBuildPhase section */

/* Begin PBXGroup section */
		637237F22C26DB6B0004C0C1 /* Media */ = {
			isa = PBXGroup;
			children = (
				632756432C4822EE00B92DBC /* alligator.jpg */,
				632756412C4822EE00B92DBC /* buffalo.jpg */,
				632756382C4822EE00B92DBC /* cat.jpg */,
				632756392C4822EE00B92DBC /* cow.jpg */,
				6327563A2C4822EE00B92DBC /* deer.jpg */,
				6327563F2C4822EE00B92DBC /* dog.jpg */,
				6327563B2C4822EE00B92DBC /* goat.jpg */,
				632756422C4822EE00B92DBC /* horse.jpg */,
				632756402C4822EE00B92DBC /* pig.jpg */,
				6327563C2C4822EE00B92DBC /* rhinoceros.jpg */,
				6327563D2C4822EE00B92DBC /* sheep.jpg */,
				6327563E2C4822EE00B92DBC /* tiger.jpg */,
				637238312C272CD70004C0C1 /* cat.mp4 */,
				6372382F2C272C190004C0C1 /* goat.mp4 */,
				6372382D2C2728E10004C0C1 /* horse.mp4 */,
				6372382B2C270DAC0004C0C1 /* alligator.m4a */,
				637238292C270DA10004C0C1 /* deer.m4a */,
				637238272C270D960004C0C1 /* pig.m4a */,
				637238252C270D8A0004C0C1 /* buffalo.m4a */,
				637238232C270D7E0004C0C1 /* rhinoceros.m4a */,
				637238212C270D720004C0C1 /* tiger.m4a */,
				6372381F2C270D680004C0C1 /* cat.m4a */,
				6372381D2C270D5D0004C0C1 /* dog.m4a */,
				6372381B2C270D4F0004C0C1 /* goat.m4a */,
				637238192C270D3F0004C0C1 /* sheep.m4a */,
				637238172C270D140004C0C1 /* cow.m4a */,
				637238332C29D0A80004C0C1 /* horse.m4a */,
				637237FF2C26DE350004C0C1 /* ho.m4a */,
				637238012C26DE480004C0C1 /* kaha_cha.m4a */,
				637238032C26DE590004C0C1 /* yo.m4a */,
				6372380F2C26F8FB0004C0C1 /* sha_bas.m4a */,
				637238112C26FA5E0004C0C1 /* negative.m4a */,
				637238132C26FA700004C0C1 /* is_here.m4a */,
				637238502C2C349E0004C0C1 /* negative_response_alligator.m4a */,
				637238522C2C349E0004C0C1 /* negative_response_buffalo.m4a */,
				6372384F2C2C349E0004C0C1 /* negative_response_cat.m4a */,
				637238452C2C349E0004C0C1 /* negative_response_cow.m4a */,
				6372384D2C2C349E0004C0C1 /* negative_response_deer.m4a */,
				637238582C2C349F0004C0C1 /* negative_response_dog.m4a */,
				637238382C2C349D0004C0C1 /* negative_response_goat.m4a */,
				637238372C2C349D0004C0C1 /* negative_response_horse.m4a */,
				637238462C2C349E0004C0C1 /* negative_response_pig.m4a */,
				6372384E2C2C349E0004C0C1 /* negative_response_rhinoceros.m4a */,
				6372385A2C2C349F0004C0C1 /* negative_response_sheep.m4a */,
				637238432C2C349E0004C0C1 /* negative_response_tiger.m4a */,
				6372383C2C2C349D0004C0C1 /* this_is_a-alligator.m4a */,
				637238402C2C349D0004C0C1 /* this_is_a-buffalo.m4a */,
				6372384C2C2C349E0004C0C1 /* this_is_a-cat.m4a */,
				637238542C2C349E0004C0C1 /* this_is_a-cow.m4a */,
				6372384A2C2C349E0004C0C1 /* this_is_a-deer.m4a */,
				637238422C2C349E0004C0C1 /* this_is_a-dog.m4a */,
				637238592C2C349F0004C0C1 /* this_is_a-goat.m4a */,
				637238442C2C349E0004C0C1 /* this_is_a-horse.m4a */,
				637238532C2C349E0004C0C1 /* this_is_a-pig.m4a */,
				637238572C2C349F0004C0C1 /* this_is_a-rhinoceros.m4a */,
				637238562C2C349F0004C0C1 /* this_is_a-sheep.m4a */,
				637238492C2C349E0004C0C1 /* this_is_a-tiger.m4a */,
				6372383F2C2C349D0004C0C1 /* where_is_alligator.m4a */,
				637238512C2C349E0004C0C1 /* where_is_buffalo.m4a */,
				6372383B2C2C349D0004C0C1 /* where_is_cat.m4a */,
				637238482C2C349E0004C0C1 /* where_is_cow.m4a */,
				637238412C2C349E0004C0C1 /* where_is_deer.m4a */,
				637238552C2C349F0004C0C1 /* where_is_dog.m4a */,
				637238392C2C349D0004C0C1 /* where_is_goat.m4a */,
				6372383E2C2C349D0004C0C1 /* where_is_horse.m4a */,
				6372384B2C2C349E0004C0C1 /* where_is_pig.m4a */,
				6372383A2C2C349D0004C0C1 /* where_is_rhinoceros.m4a */,
				637238472C2C349E0004C0C1 /* where_is_sheep.m4a */,
				6372383D2C2C349D0004C0C1 /* where_is_tiger.m4a */,
			);
			path = Media;
			sourceTree = "<group>";
		};
		639ED95B2C25E3E300FA666C = {
			isa = PBXGroup;
			children = (
				639ED9662C25E3E300FA666C /* Nepali GPA */,
				639ED9652C25E3E300FA666C /* Products */,
			);
			sourceTree = "<group>";
		};
		639ED9652C25E3E300FA666C /* Products */ = {
			isa = PBXGroup;
			children = (
				639ED9642C25E3E300FA666C /* Nepali GPA.app */,
			);
			name = Products;
			sourceTree = "<group>";
		};
		639ED9662C25E3E300FA666C /* Nepali GPA */ = {
			isa = PBXGroup;
			children = (
				637238352C2A6F150004C0C1 /* LearningObject.swift */,
				639ED9672C25E3E300FA666C /* Nepali_GPAApp.swift */,
				639ED9692C25E3E300FA666C /* LearnSetView.swift */,
				631D5CCD2C4175F700D793E2 /* ContentView.swift */,
				639ED96B2C25E3E500FA666C /* Assets.xcassets */,
				639ED96D2C25E3E500FA666C /* Preview Content */,
				639ED9792C26CE4D00FA666C /* VideoPlayerView.swift */,
				637237F22C26DB6B0004C0C1 /* Media */,
				631D5CCF2C41762600D793E2 /* AddObjectView.swift */,
				632756502C482D3300B92DBC /* GenericAudioFileModel.swift */,
				639C3D3F2C4AA17400049469 /* TagListView.swift */,
				63133E052C51EFA80011006A /* ObjectListView.swift */,
				63133E072C51F0E80011006A /* EditObjectView.swift */,
				6398ACAD2C54E0080070898A /* LearnOptionsView.swift */,
				634A8DF32C54E622008D6F85 /* LearningViewModel.swift */,
			);
			path = "Nepali GPA";
			sourceTree = "<group>";
		};
		639ED96D2C25E3E500FA666C /* Preview Content */ = {
			isa = PBXGroup;
			children = (
				639ED96E2C25E3E500FA666C /* Preview Assets.xcassets */,
			);
			path = "Preview Content";
			sourceTree = "<group>";
		};
/* End PBXGroup section */

/* Begin PBXNativeTarget section */
		639ED9632C25E3E300FA666C /* Nepali GPA */ = {
			isa = PBXNativeTarget;
			buildConfigurationList = 639ED9722C25E3E500FA666C /* Build configuration list for PBXNativeTarget "Nepali GPA" */;
			buildPhases = (
				639ED9602C25E3E300FA666C /* Sources */,
				639ED9612C25E3E300FA666C /* Frameworks */,
				639ED9622C25E3E300FA666C /* Resources */,
			);
			buildRules = (
			);
			dependencies = (
			);
			name = "Nepali GPA";
			productName = "Nepali GPA";
			productReference = 639ED9642C25E3E300FA666C /* Nepali GPA.app */;
			productType = "com.apple.product-type.application";
		};
/* End PBXNativeTarget section */

/* Begin PBXProject section */
		639ED95C2C25E3E300FA666C /* Project object */ = {
			isa = PBXProject;
			attributes = {
				BuildIndependentTargetsInParallel = 1;
				LastSwiftUpdateCheck = 1540;
				LastUpgradeCheck = 1540;
				TargetAttributes = {
					639ED9632C25E3E300FA666C = {
						CreatedOnToolsVersion = 15.4;
					};
				};
			};
			buildConfigurationList = 639ED95F2C25E3E300FA666C /* Build configuration list for PBXProject "LexiForge" */;
			compatibilityVersion = "Xcode 14.0";
			developmentRegion = en;
			hasScannedForEncodings = 0;
			knownRegions = (
				en,
				Base,
			);
			mainGroup = 639ED95B2C25E3E300FA666C;
			productRefGroup = 639ED9652C25E3E300FA666C /* Products */;
			projectDirPath = "";
			projectRoot = "";
			targets = (
				639ED9632C25E3E300FA666C /* Nepali GPA */,
			);
		};
/* End PBXProject section */

/* Begin PBXResourcesBuildPhase section */
		639ED9622C25E3E300FA666C /* Resources */ = {
			isa = PBXResourcesBuildPhase;
			buildActionMask = 2147483647;
			files = (
				6372382C2C270DAC0004C0C1 /* alligator.m4a in Resources */,
				637238002C26DE350004C0C1 /* ho.m4a in Resources */,
				637238712C2C349F0004C0C1 /* negative_response_deer.m4a in Resources */,
				6372386A2C2C349F0004C0C1 /* negative_response_pig.m4a in Resources */,
				6372387E2C2C349F0004C0C1 /* negative_response_sheep.m4a in Resources */,
				6372387B2C2C349F0004C0C1 /* this_is_a-rhinoceros.m4a in Resources */,
				632756452C4822EE00B92DBC /* cow.jpg in Resources */,
				6327564E2C4822EE00B92DBC /* horse.jpg in Resources */,
				637238142C26FA700004C0C1 /* is_here.m4a in Resources */,
				637238302C272C190004C0C1 /* goat.mp4 in Resources */,
				6372386F2C2C349F0004C0C1 /* where_is_pig.m4a in Resources */,
				632756492C4822EE00B92DBC /* sheep.jpg in Resources */,
				637238742C2C349F0004C0C1 /* negative_response_alligator.m4a in Resources */,
				6372385E2C2C349F0004C0C1 /* where_is_rhinoceros.m4a in Resources */,
				637238122C26FA5E0004C0C1 /* negative.m4a in Resources */,
				637238672C2C349F0004C0C1 /* negative_response_tiger.m4a in Resources */,
				637238042C26DE590004C0C1 /* yo.m4a in Resources */,
				637238202C270D680004C0C1 /* cat.m4a in Resources */,
				6372382A2C270DA10004C0C1 /* deer.m4a in Resources */,
				637238102C26F8FB0004C0C1 /* sha_bas.m4a in Resources */,
				6372386E2C2C349F0004C0C1 /* this_is_a-deer.m4a in Resources */,
				6372386B2C2C349F0004C0C1 /* where_is_sheep.m4a in Resources */,
				637238762C2C349F0004C0C1 /* negative_response_buffalo.m4a in Resources */,
				637238612C2C349F0004C0C1 /* where_is_tiger.m4a in Resources */,
				632756472C4822EE00B92DBC /* goat.jpg in Resources */,
				637238342C29D0A80004C0C1 /* horse.m4a in Resources */,
				637238022C26DE480004C0C1 /* kaha_cha.m4a in Resources */,
				6372386C2C2C349F0004C0C1 /* where_is_cow.m4a in Resources */,
				6327564F2C4822EE00B92DBC /* alligator.jpg in Resources */,
				632756462C4822EE00B92DBC /* deer.jpg in Resources */,
				6372381C2C270D4F0004C0C1 /* goat.m4a in Resources */,
				6372387A2C2C349F0004C0C1 /* this_is_a-sheep.m4a in Resources */,
				637238662C2C349F0004C0C1 /* this_is_a-dog.m4a in Resources */,
				6327564B2C4822EE00B92DBC /* dog.jpg in Resources */,
				6372385F2C2C349F0004C0C1 /* where_is_cat.m4a in Resources */,
				637238322C272CD70004C0C1 /* cat.mp4 in Resources */,
				637238622C2C349F0004C0C1 /* where_is_horse.m4a in Resources */,
				632756442C4822EE00B92DBC /* cat.jpg in Resources */,
				639ED96F2C25E3E500FA666C /* Preview Assets.xcassets in Resources */,
				637238692C2C349F0004C0C1 /* negative_response_cow.m4a in Resources */,
				637238242C270D7E0004C0C1 /* rhinoceros.m4a in Resources */,
				6372382E2C2728E10004C0C1 /* horse.mp4 in Resources */,
				637238752C2C349F0004C0C1 /* where_is_buffalo.m4a in Resources */,
				637238652C2C349F0004C0C1 /* where_is_deer.m4a in Resources */,
				637238772C2C349F0004C0C1 /* this_is_a-pig.m4a in Resources */,
				6372381A2C270D3F0004C0C1 /* sheep.m4a in Resources */,
				637238792C2C349F0004C0C1 /* where_is_dog.m4a in Resources */,
				637238222C270D720004C0C1 /* tiger.m4a in Resources */,
				6327564C2C4822EE00B92DBC /* pig.jpg in Resources */,
				6372381E2C270D5D0004C0C1 /* dog.m4a in Resources */,
				6372387C2C2C349F0004C0C1 /* negative_response_dog.m4a in Resources */,
				637238732C2C349F0004C0C1 /* negative_response_cat.m4a in Resources */,
				637238182C270D140004C0C1 /* cow.m4a in Resources */,
				6372385B2C2C349F0004C0C1 /* negative_response_horse.m4a in Resources */,
				637238282C270D960004C0C1 /* pig.m4a in Resources */,
				6372387D2C2C349F0004C0C1 /* this_is_a-goat.m4a in Resources */,
				637238632C2C349F0004C0C1 /* where_is_alligator.m4a in Resources */,
				637238722C2C349F0004C0C1 /* negative_response_rhinoceros.m4a in Resources */,
				6372386D2C2C349F0004C0C1 /* this_is_a-tiger.m4a in Resources */,
				637238602C2C349F0004C0C1 /* this_is_a-alligator.m4a in Resources */,
				637238702C2C349F0004C0C1 /* this_is_a-cat.m4a in Resources */,
				637238642C2C349F0004C0C1 /* this_is_a-buffalo.m4a in Resources */,
				6327564D2C4822EE00B92DBC /* buffalo.jpg in Resources */,
				632756482C4822EE00B92DBC /* rhinoceros.jpg in Resources */,
				637238682C2C349F0004C0C1 /* this_is_a-horse.m4a in Resources */,
				6372385C2C2C349F0004C0C1 /* negative_response_goat.m4a in Resources */,
				6372385D2C2C349F0004C0C1 /* where_is_goat.m4a in Resources */,
				637238262C270D8A0004C0C1 /* buffalo.m4a in Resources */,
				637238782C2C349F0004C0C1 /* this_is_a-cow.m4a in Resources */,
				639ED96C2C25E3E500FA666C /* Assets.xcassets in Resources */,
				6327564A2C4822EE00B92DBC /* tiger.jpg in Resources */,
			);
			runOnlyForDeploymentPostprocessing = 0;
		};
/* End PBXResourcesBuildPhase section */

/* Begin PBXSourcesBuildPhase section */
		639ED9602C25E3E300FA666C /* Sources */ = {
			isa = PBXSourcesBuildPhase;
			buildActionMask = 2147483647;
			files = (
				637238362C2A6F150004C0C1 /* LearningObject.swift in Sources */,
				632756512C482D3300B92DBC /* GenericAudioFileModel.swift in Sources */,
				631D5CCE2C4175F700D793E2 /* ContentView.swift in Sources */,
				639ED96A2C25E3E300FA666C /* LearnSetView.swift in Sources */,
				63133E062C51EFA80011006A /* ObjectListView.swift in Sources */,
				631D5CD02C41762600D793E2 /* AddObjectView.swift in Sources */,
				634A8DF42C54E622008D6F85 /* LearningViewModel.swift in Sources */,
				639ED9682C25E3E300FA666C /* Nepali_GPAApp.swift in Sources */,
				639C3D402C4AA17400049469 /* TagListView.swift in Sources */,
				63133E082C51F0E80011006A /* EditObjectView.swift in Sources */,
				6398ACAE2C54E0080070898A /* LearnOptionsView.swift in Sources */,
				639ED97A2C26CE4D00FA666C /* VideoPlayerView.swift in Sources */,
			);
			runOnlyForDeploymentPostprocessing = 0;
		};
/* End PBXSourcesBuildPhase section */

/* Begin XCBuildConfiguration section */
		639ED9702C25E3E500FA666C /* Debug */ = {
			isa = XCBuildConfiguration;
			buildSettings = {
				ALWAYS_SEARCH_USER_PATHS = NO;
				ASSETCATALOG_COMPILER_GENERATE_SWIFT_ASSET_SYMBOL_EXTENSIONS = YES;
				CLANG_ANALYZER_NONNULL = YES;
				CLANG_ANALYZER_NUMBER_OBJECT_CONVERSION = YES_AGGRESSIVE;
				CLANG_CXX_LANGUAGE_STANDARD = "gnu++20";
				CLANG_ENABLE_MODULES = YES;
				CLANG_ENABLE_OBJC_ARC = YES;
				CLANG_ENABLE_OBJC_WEAK = YES;
				CLANG_WARN_BLOCK_CAPTURE_AUTORELEASING = YES;
				CLANG_WARN_BOOL_CONVERSION = YES;
				CLANG_WARN_COMMA = YES;
				CLANG_WARN_CONSTANT_CONVERSION = YES;
				CLANG_WARN_DEPRECATED_OBJC_IMPLEMENTATIONS = YES;
				CLANG_WARN_DIRECT_OBJC_ISA_USAGE = YES_ERROR;
				CLANG_WARN_DOCUMENTATION_COMMENTS = YES;
				CLANG_WARN_EMPTY_BODY = YES;
				CLANG_WARN_ENUM_CONVERSION = YES;
				CLANG_WARN_INFINITE_RECURSION = YES;
				CLANG_WARN_INT_CONVERSION = YES;
				CLANG_WARN_NON_LITERAL_NULL_CONVERSION = YES;
				CLANG_WARN_OBJC_IMPLICIT_RETAIN_SELF = YES;
				CLANG_WARN_OBJC_LITERAL_CONVERSION = YES;
				CLANG_WARN_OBJC_ROOT_CLASS = YES_ERROR;
				CLANG_WARN_QUOTED_INCLUDE_IN_FRAMEWORK_HEADER = YES;
				CLANG_WARN_RANGE_LOOP_ANALYSIS = YES;
				CLANG_WARN_STRICT_PROTOTYPES = YES;
				CLANG_WARN_SUSPICIOUS_MOVE = YES;
				CLANG_WARN_UNGUARDED_AVAILABILITY = YES_AGGRESSIVE;
				CLANG_WARN_UNREACHABLE_CODE = YES;
				CLANG_WARN__DUPLICATE_METHOD_MATCH = YES;
				COPY_PHASE_STRIP = NO;
				DEBUG_INFORMATION_FORMAT = dwarf;
				ENABLE_STRICT_OBJC_MSGSEND = YES;
				ENABLE_TESTABILITY = YES;
				ENABLE_USER_SCRIPT_SANDBOXING = YES;
				GCC_C_LANGUAGE_STANDARD = gnu17;
				GCC_DYNAMIC_NO_PIC = NO;
				GCC_NO_COMMON_BLOCKS = YES;
				GCC_OPTIMIZATION_LEVEL = 0;
				GCC_PREPROCESSOR_DEFINITIONS = (
					"DEBUG=1",
					"$(inherited)",
				);
				GCC_WARN_64_TO_32_BIT_CONVERSION = YES;
				GCC_WARN_ABOUT_RETURN_TYPE = YES_ERROR;
				GCC_WARN_UNDECLARED_SELECTOR = YES;
				GCC_WARN_UNINITIALIZED_AUTOS = YES_AGGRESSIVE;
				GCC_WARN_UNUSED_FUNCTION = YES;
				GCC_WARN_UNUSED_VARIABLE = YES;
				IPHONEOS_DEPLOYMENT_TARGET = 17.5;
				LOCALIZATION_PREFERS_STRING_CATALOGS = YES;
				MTL_ENABLE_DEBUG_INFO = INCLUDE_SOURCE;
				MTL_FAST_MATH = YES;
				ONLY_ACTIVE_ARCH = YES;
				SDKROOT = iphoneos;
				SWIFT_ACTIVE_COMPILATION_CONDITIONS = "DEBUG $(inherited)";
				SWIFT_OPTIMIZATION_LEVEL = "-Onone";
			};
			name = Debug;
		};
		639ED9712C25E3E500FA666C /* Release */ = {
			isa = XCBuildConfiguration;
			buildSettings = {
				ALWAYS_SEARCH_USER_PATHS = NO;
				ASSETCATALOG_COMPILER_GENERATE_SWIFT_ASSET_SYMBOL_EXTENSIONS = YES;
				CLANG_ANALYZER_NONNULL = YES;
				CLANG_ANALYZER_NUMBER_OBJECT_CONVERSION = YES_AGGRESSIVE;
				CLANG_CXX_LANGUAGE_STANDARD = "gnu++20";
				CLANG_ENABLE_MODULES = YES;
				CLANG_ENABLE_OBJC_ARC = YES;
				CLANG_ENABLE_OBJC_WEAK = YES;
				CLANG_WARN_BLOCK_CAPTURE_AUTORELEASING = YES;
				CLANG_WARN_BOOL_CONVERSION = YES;
				CLANG_WARN_COMMA = YES;
				CLANG_WARN_CONSTANT_CONVERSION = YES;
				CLANG_WARN_DEPRECATED_OBJC_IMPLEMENTATIONS = YES;
				CLANG_WARN_DIRECT_OBJC_ISA_USAGE = YES_ERROR;
				CLANG_WARN_DOCUMENTATION_COMMENTS = YES;
				CLANG_WARN_EMPTY_BODY = YES;
				CLANG_WARN_ENUM_CONVERSION = YES;
				CLANG_WARN_INFINITE_RECURSION = YES;
				CLANG_WARN_INT_CONVERSION = YES;
				CLANG_WARN_NON_LITERAL_NULL_CONVERSION = YES;
				CLANG_WARN_OBJC_IMPLICIT_RETAIN_SELF = YES;
				CLANG_WARN_OBJC_LITERAL_CONVERSION = YES;
				CLANG_WARN_OBJC_ROOT_CLASS = YES_ERROR;
				CLANG_WARN_QUOTED_INCLUDE_IN_FRAMEWORK_HEADER = YES;
				CLANG_WARN_RANGE_LOOP_ANALYSIS = YES;
				CLANG_WARN_STRICT_PROTOTYPES = YES;
				CLANG_WARN_SUSPICIOUS_MOVE = YES;
				CLANG_WARN_UNGUARDED_AVAILABILITY = YES_AGGRESSIVE;
				CLANG_WARN_UNREACHABLE_CODE = YES;
				CLANG_WARN__DUPLICATE_METHOD_MATCH = YES;
				COPY_PHASE_STRIP = NO;
				DEBUG_INFORMATION_FORMAT = "dwarf-with-dsym";
				ENABLE_NS_ASSERTIONS = NO;
				ENABLE_STRICT_OBJC_MSGSEND = YES;
				ENABLE_USER_SCRIPT_SANDBOXING = YES;
				GCC_C_LANGUAGE_STANDARD = gnu17;
				GCC_NO_COMMON_BLOCKS = YES;
				GCC_WARN_64_TO_32_BIT_CONVERSION = YES;
				GCC_WARN_ABOUT_RETURN_TYPE = YES_ERROR;
				GCC_WARN_UNDECLARED_SELECTOR = YES;
				GCC_WARN_UNINITIALIZED_AUTOS = YES_AGGRESSIVE;
				GCC_WARN_UNUSED_FUNCTION = YES;
				GCC_WARN_UNUSED_VARIABLE = YES;
				IPHONEOS_DEPLOYMENT_TARGET = 17.5;
				LOCALIZATION_PREFERS_STRING_CATALOGS = YES;
				MTL_ENABLE_DEBUG_INFO = NO;
				MTL_FAST_MATH = YES;
				SDKROOT = iphoneos;
				SWIFT_COMPILATION_MODE = wholemodule;
				VALIDATE_PRODUCT = YES;
			};
			name = Release;
		};
		639ED9732C25E3E500FA666C /* Debug */ = {
			isa = XCBuildConfiguration;
			buildSettings = {
				ASSETCATALOG_COMPILER_APPICON_NAME = AppIcon;
				ASSETCATALOG_COMPILER_GLOBAL_ACCENT_COLOR_NAME = AccentColor;
				CODE_SIGN_STYLE = Automatic;
				CURRENT_PROJECT_VERSION = 1;
				DEVELOPMENT_ASSET_PATHS = "\"Nepali GPA/Preview Content\"";
				DEVELOPMENT_TEAM = GBG5KW4JL8;
				ENABLE_PREVIEWS = YES;
				GENERATE_INFOPLIST_FILE = YES;
				INFOPLIST_KEY_NSMicrophoneUsageDescription = "Need to record audio to make new audio files for the app";
				INFOPLIST_KEY_UIApplicationSceneManifest_Generation = YES;
				INFOPLIST_KEY_UIApplicationSupportsIndirectInputEvents = YES;
				INFOPLIST_KEY_UILaunchScreen_Generation = YES;
				INFOPLIST_KEY_UISupportedInterfaceOrientations = "UIInterfaceOrientationLandscapeLeft UIInterfaceOrientationLandscapeRight UIInterfaceOrientationPortrait UIInterfaceOrientationPortraitUpsideDown";
				IPHONEOS_DEPLOYMENT_TARGET = 17.0;
				LD_RUNPATH_SEARCH_PATHS = (
					"$(inherited)",
					"@executable_path/Frameworks",
				);
				MARKETING_VERSION = 1.0;
				PRODUCT_BUNDLE_IDENTIFIER = "im.dat.Nepali-GPA";
				PRODUCT_NAME = "$(TARGET_NAME)";
				SWIFT_EMIT_LOC_STRINGS = YES;
				SWIFT_VERSION = 5.0;
				TARGETED_DEVICE_FAMILY = "1,2";
			};
			name = Debug;
		};
		639ED9742C25E3E500FA666C /* Release */ = {
			isa = XCBuildConfiguration;
			buildSettings = {
				ASSETCATALOG_COMPILER_APPICON_NAME = AppIcon;
				ASSETCATALOG_COMPILER_GLOBAL_ACCENT_COLOR_NAME = AccentColor;
				CODE_SIGN_STYLE = Automatic;
				CURRENT_PROJECT_VERSION = 1;
				DEVELOPMENT_ASSET_PATHS = "\"Nepali GPA/Preview Content\"";
				DEVELOPMENT_TEAM = GBG5KW4JL8;
				ENABLE_PREVIEWS = YES;
				GENERATE_INFOPLIST_FILE = YES;
				INFOPLIST_KEY_NSMicrophoneUsageDescription = "Need to record audio to make new audio files for the app";
				INFOPLIST_KEY_UIApplicationSceneManifest_Generation = YES;
				INFOPLIST_KEY_UIApplicationSupportsIndirectInputEvents = YES;
				INFOPLIST_KEY_UILaunchScreen_Generation = YES;
				INFOPLIST_KEY_UISupportedInterfaceOrientations = "UIInterfaceOrientationLandscapeLeft UIInterfaceOrientationLandscapeRight UIInterfaceOrientationPortrait UIInterfaceOrientationPortraitUpsideDown";
				IPHONEOS_DEPLOYMENT_TARGET = 17.0;
				LD_RUNPATH_SEARCH_PATHS = (
					"$(inherited)",
					"@executable_path/Frameworks",
				);
				MARKETING_VERSION = 1.0;
				PRODUCT_BUNDLE_IDENTIFIER = "im.dat.Nepali-GPA";
				PRODUCT_NAME = "$(TARGET_NAME)";
				SWIFT_EMIT_LOC_STRINGS = YES;
				SWIFT_VERSION = 5.0;
				TARGETED_DEVICE_FAMILY = "1,2";
			};
			name = Release;
		};
/* End XCBuildConfiguration section */

/* Begin XCConfigurationList section */
		639ED95F2C25E3E300FA666C /* Build configuration list for PBXProject "LexiForge" */ = {
			isa = XCConfigurationList;
			buildConfigurations = (
				639ED9702C25E3E500FA666C /* Debug */,
				639ED9712C25E3E500FA666C /* Release */,
			);
			defaultConfigurationIsVisible = 0;
			defaultConfigurationName = Release;
		};
		639ED9722C25E3E500FA666C /* Build configuration list for PBXNativeTarget "Nepali GPA" */ = {
			isa = XCConfigurationList;
			buildConfigurations = (
				639ED9732C25E3E500FA666C /* Debug */,
				639ED9742C25E3E500FA666C /* Release */,
			);
			defaultConfigurationIsVisible = 0;
			defaultConfigurationName = Release;
		};
/* End XCConfigurationList section */
	};
	rootObject = 639ED95C2C25E3E300FA666C /* Project object */;
}
